
Microsoft Visual Studio Solution File, Format Version 12.00
# Visual Studio 15
VisualStudioVersion = 15.0.26430.12
MinimumVisualStudioVersion = 10.0.40219.1
Project("{FAE04EC0-301F-11D3-BF4B-00C04F79EFBC}") = "Microsoft.Knowzy.WPF", "src\Microsoft.Knowzy.WPF\Microsoft.Knowzy.WPF.csproj", "{A5C6D61A-0FD5-48F8-B574-4B46D188550B}"
EndProject
Project("{2150E333-8FDC-42A3-9474-1A3956D46DE8}") = "src", "src", "{494D40EA-694C-49FA-8347-840B8BF1BAD6}"
EndProject
Project("{2150E333-8FDC-42A3-9474-1A3956D46DE8}") = "Solution Items", "Solution Items", "{0202C4AB-A98F-4526-8AFB-5814E1571BF0}"
	ProjectSection(SolutionItems) = preProject
		.gitattributes = .gitattributes
		.gitignore = .gitignore
		README.md = README.md
	EndProjectSection
EndProject
Project("{FAE04EC0-301F-11D3-BF4B-00C04F79EFBC}") = "Microsoft.Knowzy.AuthenticationService", "src\Microsoft.Knowzy.AuthenticationService\Microsoft.Knowzy.AuthenticationService.csproj", "{20F1D78F-6E71-4FBA-BB7D-1D54EA11E012}"
EndProject
Project("{FAE04EC0-301F-11D3-BF4B-00C04F79EFBC}") = "Microsoft.Knowzy.Common", "src\Microsoft.Knowzy.Common\Microsoft.Knowzy.Common.csproj", "{C7BF0C4C-4D81-4545-9143-4FB3470E37B6}"
EndProject
Project("{FAE04EC0-301F-11D3-BF4B-00C04F79EFBC}") = "Microsoft.Knowzy.ConfigurationService", "src\Microsoft.Knowzy.ConfigurationService\Microsoft.Knowzy.ConfigurationService.csproj", "{01EF3CFF-D354-4B3F-B4B3-CA1863CCD686}"
EndProject
Project("{FAE04EC0-301F-11D3-BF4B-00C04F79EFBC}") = "Microsoft.Knowzy.Domain", "src\Microsoft.Knowzy.Domain\Microsoft.Knowzy.Domain.csproj", "{1910D6CC-60ED-45F2-8E73-4E6DB2343DB5}"
EndProject
Project("{FAE04EC0-301F-11D3-BF4B-00C04F79EFBC}") = "Microsoft.Knowzy.JsonDataProvider", "src\Microsoft.Knowzy.JsonDataProvider\Microsoft.Knowzy.JsonDataProvider.csproj", "{078AF6D3-A69F-40CC-B349-48CD82411408}"
EndProject
Project("{FAE04EC0-301F-11D3-BF4B-00C04F79EFBC}") = "Microsoft.Knowzy.UWP", "src\Microsoft.Knowzy.UWP\Microsoft.Knowzy.UWP.csproj", "{E8191239-FB8A-4983-B6B6-687C1D18C756}"
	ProjectSection(ProjectDependencies) = postProject
		{A5C6D61A-0FD5-48F8-B574-4B46D188550B} = {A5C6D61A-0FD5-48F8-B574-4B46D188550B}
	EndProjectSection
EndProject
Project("{FAE04EC0-301F-11D3-BF4B-00C04F79EFBC}") = "Microsoft.Knowzy.Debug", "src\Microsoft.Knowzy.Debug\Microsoft.Knowzy.Debug.vsdproj", "{46E3B7C2-A0B9-422C-AA6A-809644D5DE08}"
	ProjectSection(ProjectDependencies) = postProject
		{A5C6D61A-0FD5-48F8-B574-4B46D188550B} = {A5C6D61A-0FD5-48F8-B574-4B46D188550B}
		{E8191239-FB8A-4983-B6B6-687C1D18C756} = {E8191239-FB8A-4983-B6B6-687C1D18C756}
	EndProjectSection
EndProject
Project("{FAE04EC0-301F-11D3-BF4B-00C04F79EFBC}") = "Microsoft.Knowzy.UwpHelpers", "src\Microsoft.Knowzy.UwpHelpers\Microsoft.Knowzy.UwpHelpers.csproj", "{BF43A67B-B5AC-44D8-9550-4DDE71463A37}"
EndProject
Project("{FAE04EC0-301F-11D3-BF4B-00C04F79EFBC}") = "Microsoft.Knowzy.AppService", "src\Microsoft.Knowzy.AppService\Microsoft.Knowzy.AppService.csproj", "{6D568E04-67D9-4657-816C-ED3ECA897EE7}"
EndProject
Global
	GlobalSection(SolutionConfigurationPlatforms) = preSolution
		Debug|Any CPU = Debug|Any CPU
		Debug|ARM = Debug|ARM
		Debug|x64 = Debug|x64
		Debug|x86 = Debug|x86
		Release|Any CPU = Release|Any CPU
		Release|ARM = Release|ARM
		Release|x64 = Release|x64
		Release|x86 = Release|x86
	EndGlobalSection
	GlobalSection(ProjectConfigurationPlatforms) = postSolution
		{A5C6D61A-0FD5-48F8-B574-4B46D188550B}.Debug|Any CPU.ActiveCfg = Debug|Any CPU
		{A5C6D61A-0FD5-48F8-B574-4B46D188550B}.Debug|Any CPU.Build.0 = Debug|Any CPU
		{A5C6D61A-0FD5-48F8-B574-4B46D188550B}.Debug|ARM.ActiveCfg = Debug|Any CPU
		{A5C6D61A-0FD5-48F8-B574-4B46D188550B}.Debug|ARM.Build.0 = Debug|Any CPU
		{A5C6D61A-0FD5-48F8-B574-4B46D188550B}.Debug|x64.ActiveCfg = Debug|Any CPU
		{A5C6D61A-0FD5-48F8-B574-4B46D188550B}.Debug|x64.Build.0 = Debug|Any CPU
		{A5C6D61A-0FD5-48F8-B574-4B46D188550B}.Debug|x86.ActiveCfg = Debug|Any CPU
		{A5C6D61A-0FD5-48F8-B574-4B46D188550B}.Debug|x86.Build.0 = Debug|Any CPU
		{A5C6D61A-0FD5-48F8-B574-4B46D188550B}.Release|Any CPU.ActiveCfg = Release|Any CPU
		{A5C6D61A-0FD5-48F8-B574-4B46D188550B}.Release|Any CPU.Build.0 = Release|Any CPU
		{A5C6D61A-0FD5-48F8-B574-4B46D188550B}.Release|ARM.ActiveCfg = Release|Any CPU
		{A5C6D61A-0FD5-48F8-B574-4B46D188550B}.Release|ARM.Build.0 = Release|Any CPU
		{A5C6D61A-0FD5-48F8-B574-4B46D188550B}.Release|x64.ActiveCfg = Release|Any CPU
		{A5C6D61A-0FD5-48F8-B574-4B46D188550B}.Release|x64.Build.0 = Release|Any CPU
		{A5C6D61A-0FD5-48F8-B574-4B46D188550B}.Release|x86.ActiveCfg = Release|Any CPU
		{A5C6D61A-0FD5-48F8-B574-4B46D188550B}.Release|x86.Build.0 = Release|Any CPU
		{20F1D78F-6E71-4FBA-BB7D-1D54EA11E012}.Debug|Any CPU.ActiveCfg = Debug|Any CPU
		{20F1D78F-6E71-4FBA-BB7D-1D54EA11E012}.Debug|Any CPU.Build.0 = Debug|Any CPU
		{20F1D78F-6E71-4FBA-BB7D-1D54EA11E012}.Debug|ARM.ActiveCfg = Debug|Any CPU
		{20F1D78F-6E71-4FBA-BB7D-1D54EA11E012}.Debug|ARM.Build.0 = Debug|Any CPU
		{20F1D78F-6E71-4FBA-BB7D-1D54EA11E012}.Debug|x64.ActiveCfg = Debug|Any CPU
		{20F1D78F-6E71-4FBA-BB7D-1D54EA11E012}.Debug|x64.Build.0 = Debug|Any CPU
		{20F1D78F-6E71-4FBA-BB7D-1D54EA11E012}.Debug|x86.ActiveCfg = Debug|Any CPU
		{20F1D78F-6E71-4FBA-BB7D-1D54EA11E012}.Debug|x86.Build.0 = Debug|Any CPU
		{20F1D78F-6E71-4FBA-BB7D-1D54EA11E012}.Release|Any CPU.ActiveCfg = Release|Any CPU
		{20F1D78F-6E71-4FBA-BB7D-1D54EA11E012}.Release|Any CPU.Build.0 = Release|Any CPU
		{20F1D78F-6E71-4FBA-BB7D-1D54EA11E012}.Release|ARM.ActiveCfg = Release|Any CPU
		{20F1D78F-6E71-4FBA-BB7D-1D54EA11E012}.Release|ARM.Build.0 = Release|Any CPU
		{20F1D78F-6E71-4FBA-BB7D-1D54EA11E012}.Release|x64.ActiveCfg = Release|Any CPU
		{20F1D78F-6E71-4FBA-BB7D-1D54EA11E012}.Release|x64.Build.0 = Release|Any CPU
		{20F1D78F-6E71-4FBA-BB7D-1D54EA11E012}.Release|x86.ActiveCfg = Release|Any CPU
		{20F1D78F-6E71-4FBA-BB7D-1D54EA11E012}.Release|x86.Build.0 = Release|Any CPU
		{C7BF0C4C-4D81-4545-9143-4FB3470E37B6}.Debug|Any CPU.ActiveCfg = Debug|Any CPU
		{C7BF0C4C-4D81-4545-9143-4FB3470E37B6}.Debug|Any CPU.Build.0 = Debug|Any CPU
		{C7BF0C4C-4D81-4545-9143-4FB3470E37B6}.Debug|ARM.ActiveCfg = Debug|Any CPU
		{C7BF0C4C-4D81-4545-9143-4FB3470E37B6}.Debug|ARM.Build.0 = Debug|Any CPU
		{C7BF0C4C-4D81-4545-9143-4FB3470E37B6}.Debug|x64.ActiveCfg = Debug|Any CPU
		{C7BF0C4C-4D81-4545-9143-4FB3470E37B6}.Debug|x64.Build.0 = Debug|Any CPU
		{C7BF0C4C-4D81-4545-9143-4FB3470E37B6}.Debug|x86.ActiveCfg = Debug|Any CPU
		{C7BF0C4C-4D81-4545-9143-4FB3470E37B6}.Debug|x86.Build.0 = Debug|Any CPU
		{C7BF0C4C-4D81-4545-9143-4FB3470E37B6}.Release|Any CPU.ActiveCfg = Release|Any CPU
		{C7BF0C4C-4D81-4545-9143-4FB3470E37B6}.Release|Any CPU.Build.0 = Release|Any CPU
		{C7BF0C4C-4D81-4545-9143-4FB3470E37B6}.Release|ARM.ActiveCfg = Release|Any CPU
		{C7BF0C4C-4D81-4545-9143-4FB3470E37B6}.Release|ARM.Build.0 = Release|Any CPU
		{C7BF0C4C-4D81-4545-9143-4FB3470E37B6}.Release|x64.ActiveCfg = Release|Any CPU
		{C7BF0C4C-4D81-4545-9143-4FB3470E37B6}.Release|x64.Build.0 = Release|Any CPU
		{C7BF0C4C-4D81-4545-9143-4FB3470E37B6}.Release|x86.ActiveCfg = Release|Any CPU
		{C7BF0C4C-4D81-4545-9143-4FB3470E37B6}.Release|x86.Build.0 = Release|Any CPU
		{01EF3CFF-D354-4B3F-B4B3-CA1863CCD686}.Debug|Any CPU.ActiveCfg = Debug|Any CPU
		{01EF3CFF-D354-4B3F-B4B3-CA1863CCD686}.Debug|Any CPU.Build.0 = Debug|Any CPU
		{01EF3CFF-D354-4B3F-B4B3-CA1863CCD686}.Debug|ARM.ActiveCfg = Debug|Any CPU
		{01EF3CFF-D354-4B3F-B4B3-CA1863CCD686}.Debug|ARM.Build.0 = Debug|Any CPU
		{01EF3CFF-D354-4B3F-B4B3-CA1863CCD686}.Debug|x64.ActiveCfg = Debug|Any CPU
		{01EF3CFF-D354-4B3F-B4B3-CA1863CCD686}.Debug|x64.Build.0 = Debug|Any CPU
		{01EF3CFF-D354-4B3F-B4B3-CA1863CCD686}.Debug|x86.ActiveCfg = Debug|Any CPU
		{01EF3CFF-D354-4B3F-B4B3-CA1863CCD686}.Debug|x86.Build.0 = Debug|Any CPU
		{01EF3CFF-D354-4B3F-B4B3-CA1863CCD686}.Release|Any CPU.ActiveCfg = Release|Any CPU
		{01EF3CFF-D354-4B3F-B4B3-CA1863CCD686}.Release|Any CPU.Build.0 = Release|Any CPU
		{01EF3CFF-D354-4B3F-B4B3-CA1863CCD686}.Release|ARM.ActiveCfg = Release|Any CPU
		{01EF3CFF-D354-4B3F-B4B3-CA1863CCD686}.Release|ARM.Build.0 = Release|Any CPU
		{01EF3CFF-D354-4B3F-B4B3-CA1863CCD686}.Release|x64.ActiveCfg = Release|Any CPU
		{01EF3CFF-D354-4B3F-B4B3-CA1863CCD686}.Release|x64.Build.0 = Release|Any CPU
		{01EF3CFF-D354-4B3F-B4B3-CA1863CCD686}.Release|x86.ActiveCfg = Release|Any CPU
		{01EF3CFF-D354-4B3F-B4B3-CA1863CCD686}.Release|x86.Build.0 = Release|Any CPU
		{1910D6CC-60ED-45F2-8E73-4E6DB2343DB5}.Debug|Any CPU.ActiveCfg = Debug|Any CPU
		{1910D6CC-60ED-45F2-8E73-4E6DB2343DB5}.Debug|Any CPU.Build.0 = Debug|Any CPU
		{1910D6CC-60ED-45F2-8E73-4E6DB2343DB5}.Debug|ARM.ActiveCfg = Debug|Any CPU
		{1910D6CC-60ED-45F2-8E73-4E6DB2343DB5}.Debug|ARM.Build.0 = Debug|Any CPU
		{1910D6CC-60ED-45F2-8E73-4E6DB2343DB5}.Debug|x64.ActiveCfg = Debug|Any CPU
		{1910D6CC-60ED-45F2-8E73-4E6DB2343DB5}.Debug|x64.Build.0 = Debug|Any CPU
		{1910D6CC-60ED-45F2-8E73-4E6DB2343DB5}.Debug|x86.ActiveCfg = Debug|Any CPU
		{1910D6CC-60ED-45F2-8E73-4E6DB2343DB5}.Debug|x86.Build.0 = Debug|Any CPU
		{1910D6CC-60ED-45F2-8E73-4E6DB2343DB5}.Release|Any CPU.ActiveCfg = Release|Any CPU
		{1910D6CC-60ED-45F2-8E73-4E6DB2343DB5}.Release|Any CPU.Build.0 = Release|Any CPU
		{1910D6CC-60ED-45F2-8E73-4E6DB2343DB5}.Release|ARM.ActiveCfg = Release|Any CPU
		{1910D6CC-60ED-45F2-8E73-4E6DB2343DB5}.Release|ARM.Build.0 = Release|Any CPU
		{1910D6CC-60ED-45F2-8E73-4E6DB2343DB5}.Release|x64.ActiveCfg = Release|Any CPU
		{1910D6CC-60ED-45F2-8E73-4E6DB2343DB5}.Release|x64.Build.0 = Release|Any CPU
		{1910D6CC-60ED-45F2-8E73-4E6DB2343DB5}.Release|x86.ActiveCfg = Release|Any CPU
		{1910D6CC-60ED-45F2-8E73-4E6DB2343DB5}.Release|x86.Build.0 = Release|Any CPU
		{078AF6D3-A69F-40CC-B349-48CD82411408}.Debug|Any CPU.ActiveCfg = Debug|Any CPU
		{078AF6D3-A69F-40CC-B349-48CD82411408}.Debug|Any CPU.Build.0 = Debug|Any CPU
		{078AF6D3-A69F-40CC-B349-48CD82411408}.Debug|ARM.ActiveCfg = Debug|Any CPU
		{078AF6D3-A69F-40CC-B349-48CD82411408}.Debug|ARM.Build.0 = Debug|Any CPU
		{078AF6D3-A69F-40CC-B349-48CD82411408}.Debug|x64.ActiveCfg = Debug|Any CPU
		{078AF6D3-A69F-40CC-B349-48CD82411408}.Debug|x64.Build.0 = Debug|Any CPU
		{078AF6D3-A69F-40CC-B349-48CD82411408}.Debug|x86.ActiveCfg = Debug|Any CPU
		{078AF6D3-A69F-40CC-B349-48CD82411408}.Debug|x86.Build.0 = Debug|Any CPU
		{078AF6D3-A69F-40CC-B349-48CD82411408}.Release|Any CPU.ActiveCfg = Release|Any CPU
		{078AF6D3-A69F-40CC-B349-48CD82411408}.Release|Any CPU.Build.0 = Release|Any CPU
		{078AF6D3-A69F-40CC-B349-48CD82411408}.Release|ARM.ActiveCfg = Release|Any CPU
		{078AF6D3-A69F-40CC-B349-48CD82411408}.Release|ARM.Build.0 = Release|Any CPU
		{078AF6D3-A69F-40CC-B349-48CD82411408}.Release|x64.ActiveCfg = Release|Any CPU
		{078AF6D3-A69F-40CC-B349-48CD82411408}.Release|x64.Build.0 = Release|Any CPU
		{078AF6D3-A69F-40CC-B349-48CD82411408}.Release|x86.ActiveCfg = Release|Any CPU
		{078AF6D3-A69F-40CC-B349-48CD82411408}.Release|x86.Build.0 = Release|Any CPU
		{E8191239-FB8A-4983-B6B6-687C1D18C756}.Debug|Any CPU.ActiveCfg = Release|x86
		{E8191239-FB8A-4983-B6B6-687C1D18C756}.Debug|Any CPU.Build.0 = Release|x86
		{E8191239-FB8A-4983-B6B6-687C1D18C756}.Debug|Any CPU.Deploy.0 = Release|x86
		{E8191239-FB8A-4983-B6B6-687C1D18C756}.Debug|ARM.ActiveCfg = Debug|ARM
		{E8191239-FB8A-4983-B6B6-687C1D18C756}.Debug|ARM.Build.0 = Debug|ARM
		{E8191239-FB8A-4983-B6B6-687C1D18C756}.Debug|ARM.Deploy.0 = Debug|ARM
		{E8191239-FB8A-4983-B6B6-687C1D18C756}.Debug|x64.ActiveCfg = Debug|x64
		{E8191239-FB8A-4983-B6B6-687C1D18C756}.Debug|x64.Build.0 = Debug|x64
		{E8191239-FB8A-4983-B6B6-687C1D18C756}.Debug|x64.Deploy.0 = Debug|x64
		{E8191239-FB8A-4983-B6B6-687C1D18C756}.Debug|x86.ActiveCfg = Release|x86
		{E8191239-FB8A-4983-B6B6-687C1D18C756}.Debug|x86.Build.0 = Release|x86
		{E8191239-FB8A-4983-B6B6-687C1D18C756}.Debug|x86.Deploy.0 = Release|x86
		{E8191239-FB8A-4983-B6B6-687C1D18C756}.Release|Any CPU.ActiveCfg = Release|x86
		{E8191239-FB8A-4983-B6B6-687C1D18C756}.Release|ARM.ActiveCfg = Release|ARM
		{E8191239-FB8A-4983-B6B6-687C1D18C756}.Release|ARM.Build.0 = Release|ARM
		{E8191239-FB8A-4983-B6B6-687C1D18C756}.Release|ARM.Deploy.0 = Release|ARM
		{E8191239-FB8A-4983-B6B6-687C1D18C756}.Release|x64.ActiveCfg = Release|x64
		{E8191239-FB8A-4983-B6B6-687C1D18C756}.Release|x64.Build.0 = Release|x64
		{E8191239-FB8A-4983-B6B6-687C1D18C756}.Release|x64.Deploy.0 = Release|x64
		{E8191239-FB8A-4983-B6B6-687C1D18C756}.Release|x86.ActiveCfg = Release|x86
		{E8191239-FB8A-4983-B6B6-687C1D18C756}.Release|x86.Build.0 = Release|x86
		{E8191239-FB8A-4983-B6B6-687C1D18C756}.Release|x86.Deploy.0 = Release|x86
		{46E3B7C2-A0B9-422C-AA6A-809644D5DE08}.Debug|Any CPU.ActiveCfg = Debug|Any CPU
		{46E3B7C2-A0B9-422C-AA6A-809644D5DE08}.Debug|Any CPU.Build.0 = Debug|Any CPU
		{46E3B7C2-A0B9-422C-AA6A-809644D5DE08}.Debug|Any CPU.Deploy.0 = Debug|Any CPU
		{46E3B7C2-A0B9-422C-AA6A-809644D5DE08}.Debug|ARM.ActiveCfg = Debug|ARM
		{46E3B7C2-A0B9-422C-AA6A-809644D5DE08}.Debug|ARM.Build.0 = Debug|ARM
		{46E3B7C2-A0B9-422C-AA6A-809644D5DE08}.Debug|ARM.Deploy.0 = Debug|ARM
		{46E3B7C2-A0B9-422C-AA6A-809644D5DE08}.Debug|x64.ActiveCfg = Debug|x64
		{46E3B7C2-A0B9-422C-AA6A-809644D5DE08}.Debug|x64.Build.0 = Debug|x64
		{46E3B7C2-A0B9-422C-AA6A-809644D5DE08}.Debug|x64.Deploy.0 = Debug|x64
		{46E3B7C2-A0B9-422C-AA6A-809644D5DE08}.Debug|x86.ActiveCfg = Debug|x86
		{46E3B7C2-A0B9-422C-AA6A-809644D5DE08}.Debug|x86.Build.0 = Debug|x86
		{46E3B7C2-A0B9-422C-AA6A-809644D5DE08}.Debug|x86.Deploy.0 = Debug|x86
		{46E3B7C2-A0B9-422C-AA6A-809644D5DE08}.Release|Any CPU.ActiveCfg = Release|Any CPU
		{46E3B7C2-A0B9-422C-AA6A-809644D5DE08}.Release|Any CPU.Build.0 = Release|Any CPU
		{46E3B7C2-A0B9-422C-AA6A-809644D5DE08}.Release|Any CPU.Deploy.0 = Release|Any CPU
		{46E3B7C2-A0B9-422C-AA6A-809644D5DE08}.Release|ARM.ActiveCfg = Release|ARM
		{46E3B7C2-A0B9-422C-AA6A-809644D5DE08}.Release|ARM.Build.0 = Release|ARM
		{46E3B7C2-A0B9-422C-AA6A-809644D5DE08}.Release|ARM.Deploy.0 = Release|ARM
		{46E3B7C2-A0B9-422C-AA6A-809644D5DE08}.Release|x64.ActiveCfg = Release|x64
		{46E3B7C2-A0B9-422C-AA6A-809644D5DE08}.Release|x64.Build.0 = Release|x64
		{46E3B7C2-A0B9-422C-AA6A-809644D5DE08}.Release|x64.Deploy.0 = Release|x64
		{46E3B7C2-A0B9-422C-AA6A-809644D5DE08}.Release|x86.ActiveCfg = Release|x86
		{46E3B7C2-A0B9-422C-AA6A-809644D5DE08}.Release|x86.Build.0 = Release|x86
		{46E3B7C2-A0B9-422C-AA6A-809644D5DE08}.Release|x86.Deploy.0 = Release|x86
		{BF43A67B-B5AC-44D8-9550-4DDE71463A37}.Debug|Any CPU.ActiveCfg = Debug|Any CPU
		{BF43A67B-B5AC-44D8-9550-4DDE71463A37}.Debug|Any CPU.Build.0 = Debug|Any CPU
		{BF43A67B-B5AC-44D8-9550-4DDE71463A37}.Debug|ARM.ActiveCfg = Debug|Any CPU
		{BF43A67B-B5AC-44D8-9550-4DDE71463A37}.Debug|ARM.Build.0 = Debug|Any CPU
		{BF43A67B-B5AC-44D8-9550-4DDE71463A37}.Debug|x64.ActiveCfg = Debug|Any CPU
		{BF43A67B-B5AC-44D8-9550-4DDE71463A37}.Debug|x64.Build.0 = Debug|Any CPU
		{BF43A67B-B5AC-44D8-9550-4DDE71463A37}.Debug|x86.ActiveCfg = Debug|Any CPU
		{BF43A67B-B5AC-44D8-9550-4DDE71463A37}.Debug|x86.Build.0 = Debug|Any CPU
		{BF43A67B-B5AC-44D8-9550-4DDE71463A37}.Release|Any CPU.ActiveCfg = Release|Any CPU
		{BF43A67B-B5AC-44D8-9550-4DDE71463A37}.Release|Any CPU.Build.0 = Release|Any CPU
		{BF43A67B-B5AC-44D8-9550-4DDE71463A37}.Release|ARM.ActiveCfg = Release|Any CPU
		{BF43A67B-B5AC-44D8-9550-4DDE71463A37}.Release|ARM.Build.0 = Release|Any CPU
		{BF43A67B-B5AC-44D8-9550-4DDE71463A37}.Release|x64.ActiveCfg = Release|Any CPU
		{BF43A67B-B5AC-44D8-9550-4DDE71463A37}.Release|x64.Build.0 = Release|Any CPU
		{BF43A67B-B5AC-44D8-9550-4DDE71463A37}.Release|x86.ActiveCfg = Release|Any CPU
		{BF43A67B-B5AC-44D8-9550-4DDE71463A37}.Release|x86.Build.0 = Release|Any CPU
		{6D568E04-67D9-4657-816C-ED3ECA897EE7}.Debug|Any CPU.ActiveCfg = Debug|Any CPU
		{6D568E04-67D9-4657-816C-ED3ECA897EE7}.Debug|Any CPU.Build.0 = Debug|Any CPU
		{6D568E04-67D9-4657-816C-ED3ECA897EE7}.Debug|ARM.ActiveCfg = Debug|ARM
		{6D568E04-67D9-4657-816C-ED3ECA897EE7}.Debug|ARM.Build.0 = Debug|ARM
		{6D568E04-67D9-4657-816C-ED3ECA897EE7}.Debug|x64.ActiveCfg = Debug|x64
		{6D568E04-67D9-4657-816C-ED3ECA897EE7}.Debug|x64.Build.0 = Debug|x64
		{6D568E04-67D9-4657-816C-ED3ECA897EE7}.Debug|x86.ActiveCfg = Debug|x86
		{6D568E04-67D9-4657-816C-ED3ECA897EE7}.Debug|x86.Build.0 = Debug|x86
		{6D568E04-67D9-4657-816C-ED3ECA897EE7}.Release|Any CPU.ActiveCfg = Release|Any CPU
		{6D568E04-67D9-4657-816C-ED3ECA897EE7}.Release|Any CPU.Build.0 = Release|Any CPU
		{6D568E04-67D9-4657-816C-ED3ECA897EE7}.Release|ARM.ActiveCfg = Release|ARM
		{6D568E04-67D9-4657-816C-ED3ECA897EE7}.Release|ARM.Build.0 = Release|ARM
		{6D568E04-67D9-4657-816C-ED3ECA897EE7}.Release|x64.ActiveCfg = Release|x64
		{6D568E04-67D9-4657-816C-ED3ECA897EE7}.Release|x64.Build.0 = Release|x64
		{6D568E04-67D9-4657-816C-ED3ECA897EE7}.Release|x86.ActiveCfg = Release|x86
		{6D568E04-67D9-4657-816C-ED3ECA897EE7}.Release|x86.Build.0 = Release|x86
	EndGlobalSection
	GlobalSection(SolutionProperties) = preSolution
		HideSolutionNode = FALSE
	EndGlobalSection
	GlobalSection(NestedProjects) = preSolution
		{A5C6D61A-0FD5-48F8-B574-4B46D188550B} = {494D40EA-694C-49FA-8347-840B8BF1BAD6}
		{20F1D78F-6E71-4FBA-BB7D-1D54EA11E012} = {494D40EA-694C-49FA-8347-840B8BF1BAD6}
		{C7BF0C4C-4D81-4545-9143-4FB3470E37B6} = {494D40EA-694C-49FA-8347-840B8BF1BAD6}
		{01EF3CFF-D354-4B3F-B4B3-CA1863CCD686} = {494D40EA-694C-49FA-8347-840B8BF1BAD6}
		{1910D6CC-60ED-45F2-8E73-4E6DB2343DB5} = {494D40EA-694C-49FA-8347-840B8BF1BAD6}
		{078AF6D3-A69F-40CC-B349-48CD82411408} = {494D40EA-694C-49FA-8347-840B8BF1BAD6}
		{E8191239-FB8A-4983-B6B6-687C1D18C756} = {494D40EA-694C-49FA-8347-840B8BF1BAD6}
		{46E3B7C2-A0B9-422C-AA6A-809644D5DE08} = {494D40EA-694C-49FA-8347-840B8BF1BAD6}
		{BF43A67B-B5AC-44D8-9550-4DDE71463A37} = {494D40EA-694C-49FA-8347-840B8BF1BAD6}
		{6D568E04-67D9-4657-816C-ED3ECA897EE7} = {494D40EA-694C-49FA-8347-840B8BF1BAD6}
	EndGlobalSection
EndGlobal
